
Microsoft Visual Studio Solution File, Format Version 12.00
# Visual Studio 15
VisualStudioVersion = 15.0.27130.2024
MinimumVisualStudioVersion = 10.0.40219.1
Project("{FAE04EC0-301F-11D3-BF4B-00C04F79EFBC}") = "PlayerUnknown", "PlayerUnknown\PlayerUnknown.csproj", "{D5C4B791-E097-43C6-8921-048C3E1B7170}"
EndProject
Project("{FAE04EC0-301F-11D3-BF4B-00C04F79EFBC}") = "PlayerUnknown.Test", "PlayerUnknown.Test\PlayerUnknown.Test.csproj", "{AD453E14-3AD2-4E66-89E7-650A20B05E47}"
EndProject
Project("{FAE04EC0-301F-11D3-BF4B-00C04F79EFBC}") = "PlayerUnknown.Reader", "PlayerUnknown.Reader\PlayerUnknown.Reader.csproj", "{78A6F97D-5CA8-4E92-8E17-2545983C9555}"
EndProject
Project("{FAE04EC0-301F-11D3-BF4B-00C04F79EFBC}") = "PlayerUnknown.NoRecoil", "PlayerUnknown.NoRecoil\PlayerUnknown.NoRecoil.csproj", "{BED55CA4-1F04-45DE-948D-E25CD441B371}"
EndProject
Global
	GlobalSection(SolutionConfigurationPlatforms) = preSolution
		Debug|Any CPU = Debug|Any CPU
		Debug|x64 = Debug|x64
		Debug|x86 = Debug|x86
		Release|Any CPU = Release|Any CPU
		Release|x64 = Release|x64
		Release|x86 = Release|x86
	EndGlobalSection
	GlobalSection(ProjectConfigurationPlatforms) = postSolution
		{D5C4B791-E097-43C6-8921-048C3E1B7170}.Debug|Any CPU.ActiveCfg = Debug|Any CPU
		{D5C4B791-E097-43C6-8921-048C3E1B7170}.Debug|Any CPU.Build.0 = Debug|Any CPU
		{D5C4B791-E097-43C6-8921-048C3E1B7170}.Debug|x64.ActiveCfg = Debug|Any CPU
		{D5C4B791-E097-43C6-8921-048C3E1B7170}.Debug|x64.Build.0 = Debug|Any CPU
		{D5C4B791-E097-43C6-8921-048C3E1B7170}.Debug|x86.ActiveCfg = Debug|Any CPU
		{D5C4B791-E097-43C6-8921-048C3E1B7170}.Debug|x86.Build.0 = Debug|Any CPU
		{D5C4B791-E097-43C6-8921-048C3E1B7170}.Release|Any CPU.ActiveCfg = Release|Any CPU
		{D5C4B791-E097-43C6-8921-048C3E1B7170}.Release|Any CPU.Build.0 = Release|Any CPU
		{D5C4B791-E097-43C6-8921-048C3E1B7170}.Release|x64.ActiveCfg = Release|Any CPU
		{D5C4B791-E097-43C6-8921-048C3E1B7170}.Release|x64.Build.0 = Release|Any CPU
		{D5C4B791-E097-43C6-8921-048C3E1B7170}.Release|x86.ActiveCfg = Release|Any CPU
		{D5C4B791-E097-43C6-8921-048C3E1B7170}.Release|x86.Build.0 = Release|Any CPU
		{AD453E14-3AD2-4E66-89E7-650A20B05E47}.Debug|Any CPU.ActiveCfg = Debug|Any CPU
		{AD453E14-3AD2-4E66-89E7-650A20B05E47}.Debug|Any CPU.Build.0 = Debug|Any CPU
		{AD453E14-3AD2-4E66-89E7-650A20B05E47}.Debug|x64.ActiveCfg = Debug|Any CPU
		{AD453E14-3AD2-4E66-89E7-650A20B05E47}.Debug|x64.Build.0 = Debug|Any CPU
		{AD453E14-3AD2-4E66-89E7-650A20B05E47}.Debug|x86.ActiveCfg = Debug|Any CPU
		{AD453E14-3AD2-4E66-89E7-650A20B05E47}.Release|Any CPU.ActiveCfg = Release|Any CPU
		{AD453E14-3AD2-4E66-89E7-650A20B05E47}.Release|Any CPU.Build.0 = Release|Any CPU
		{AD453E14-3AD2-4E66-89E7-650A20B05E47}.Release|x64.ActiveCfg = Release|Any CPU
		{AD453E14-3AD2-4E66-89E7-650A20B05E47}.Release|x64.Build.0 = Release|Any CPU
		{AD453E14-3AD2-4E66-89E7-650A20B05E47}.Release|x86.ActiveCfg = Release|Any CPU
		{78A6F97D-5CA8-4E92-8E17-2545983C9555}.Debug|Any CPU.ActiveCfg = Debug|Any CPU
		{78A6F97D-5CA8-4E92-8E17-2545983C9555}.Debug|Any CPU.Build.0 = Debug|Any CPU
		{78A6F97D-5CA8-4E92-8E17-2545983C9555}.Debug|x64.ActiveCfg = Debug|x64
		{78A6F97D-5CA8-4E92-8E17-2545983C9555}.Debug|x64.Build.0 = Debug|x64
		{78A6F97D-5CA8-4E92-8E17-2545983C9555}.Debug|x86.ActiveCfg = Debug|Any CPU
		{78A6F97D-5CA8-4E92-8E17-2545983C9555}.Debug|x86.Build.0 = Debug|Any CPU
		{78A6F97D-5CA8-4E92-8E17-2545983C9555}.Release|Any CPU.ActiveCfg = Release|Any CPU
		{78A6F97D-5CA8-4E92-8E17-2545983C9555}.Release|Any CPU.Build.0 = Release|Any CPU
		{78A6F97D-5CA8-4E92-8E17-2545983C9555}.Release|x64.ActiveCfg = Release|x64
		{78A6F97D-5CA8-4E92-8E17-2545983C9555}.Release|x64.Build.0 = Release|x64
		{78A6F97D-5CA8-4E92-8E17-2545983C9555}.Release|x86.ActiveCfg = Release|Any CPU
		{78A6F97D-5CA8-4E92-8E17-2545983C9555}.Release|x86.Build.0 = Release|Any CPU
		{BED55CA4-1F04-45DE-948D-E25CD441B371}.Debug|Any CPU.ActiveCfg = Debug|Any CPU
		{BED55CA4-1F04-45DE-948D-E25CD441B371}.Debug|Any CPU.Build.0 = Debug|Any CPU
		{BED55CA4-1F04-45DE-948D-E25CD441B371}.Debug|x64.ActiveCfg = Debug|Any CPU
		{BED55CA4-1F04-45DE-948D-E25CD441B371}.Debug|x64.Build.0 = Debug|Any CPU
		{BED55CA4-1F04-45DE-948D-E25CD441B371}.Debug|x86.ActiveCfg = Debug|Any CPU
		{BED55CA4-1F04-45DE-948D-E25CD441B371}.Debug|x86.Build.0 = Debug|Any CPU
		{BED55CA4-1F04-45DE-948D-E25CD441B371}.Release|Any CPU.ActiveCfg = Release|Any CPU
		{BED55CA4-1F04-45DE-948D-E25CD441B371}.Release|Any CPU.Build.0 = Release|Any CPU
		{BED55CA4-1F04-45DE-948D-E25CD441B371}.Release|x64.ActiveCfg = Release|Any CPU
		{BED55CA4-1F04-45DE-948D-E25CD441B371}.Release|x64.Build.0 = Release|Any CPU
		{BED55CA4-1F04-45DE-948D-E25CD441B371}.Release|x86.ActiveCfg = Release|Any CPU
		{BED55CA4-1F04-45DE-948D-E25CD441B371}.Release|x86.Build.0 = Release|Any CPU
	EndGlobalSection
	GlobalSection(SolutionProperties) = preSolution
		HideSolutionNode = FALSE
	EndGlobalSection
	GlobalSection(ExtensibilityGlobals) = postSolution
		SolutionGuid = {F2BEC135-5A63-4E75-B9FD-EA7DA73ADFA9}
	EndGlobalSection
EndGlobal
